
Microsoft Visual Studio Solution File, Format Version 12.00
# Visual Studio 15
VisualStudioVersion = 15.0.27703.2026
MinimumVisualStudioVersion = 10.0.40219.1
Project("{FAE04EC0-301F-11D3-BF4B-00C04F79EFBC}") = "TipCalc.Core", "TipCalc.Core\TipCalc.Core.csproj", "{CECC7DA7-2145-4187-91CE-C2EF9EAED763}"
EndProject
Global
	GlobalSection(SolutionConfigurationPlatforms) = preSolution
		Debug|Any CPU = Debug|Any CPU
		Release|Any CPU = Release|Any CPU
	EndGlobalSection
	GlobalSection(ProjectConfigurationPlatforms) = postSolution
		{CECC7DA7-2145-4187-91CE-C2EF9EAED763}.Debug|Any CPU.ActiveCfg = Debug|Any CPU
		{CECC7DA7-2145-4187-91CE-C2EF9EAED763}.Debug|Any CPU.Build.0 = Debug|Any CPU
		{CECC7DA7-2145-4187-91CE-C2EF9EAED763}.Release|Any CPU.ActiveCfg = Release|Any CPU
		{CECC7DA7-2145-4187-91CE-C2EF9EAED763}.Release|Any CPU.Build.0 = Release|Any CPU
	EndGlobalSection
	GlobalSection(SolutionProperties) = preSolution
		HideSolutionNode = FALSE
	EndGlobalSection
	GlobalSection(ExtensibilityGlobals) = postSolution
		SolutionGuid = {7C2B693F-2DF2-4E55-9F8A-800B99E1F508}
	EndGlobalSection
EndGlobal
