
Microsoft Visual Studio Solution File, Format Version 12.00
# Visual Studio 15
VisualStudioVersion = 15.0.27703.2026
MinimumVisualStudioVersion = 10.0.40219.1
Project("{9A19103F-16F7-4668-BE54-9A1E7A4F7556}") = "TipCalc.Core", "TipCalc.Core\TipCalc.Core.csproj", "{CECC7DA7-2145-4187-91CE-C2EF9EAED763}"
EndProject
Project("{FAE04EC0-301F-11D3-BF4B-00C04F79EFBC}") = "TipCalc.Forms.UI", "TipCalc.Forms.UI\TipCalc.Forms.UI.csproj", "{DB768EF9-F56E-4BC8-AA97-99E65B07C159}"
EndProject
Project("{FAE04EC0-301F-11D3-BF4B-00C04F79EFBC}") = "TipCalc.Forms.Droid", "TipCalc.Forms.Droid\TipCalc.Forms.Droid.csproj", "{100B1217-1D89-41B4-8C3A-A2FD8E5B947D}"
EndProject
Global
	GlobalSection(SolutionConfigurationPlatforms) = preSolution
		Debug|Any CPU = Debug|Any CPU
		Release|Any CPU = Release|Any CPU
	EndGlobalSection
	GlobalSection(ProjectConfigurationPlatforms) = postSolution
		{CECC7DA7-2145-4187-91CE-C2EF9EAED763}.Debug|Any CPU.ActiveCfg = Debug|Any CPU
		{CECC7DA7-2145-4187-91CE-C2EF9EAED763}.Debug|Any CPU.Build.0 = Debug|Any CPU
		{CECC7DA7-2145-4187-91CE-C2EF9EAED763}.Release|Any CPU.ActiveCfg = Release|Any CPU
		{CECC7DA7-2145-4187-91CE-C2EF9EAED763}.Release|Any CPU.Build.0 = Release|Any CPU
		{DB768EF9-F56E-4BC8-AA97-99E65B07C159}.Debug|Any CPU.ActiveCfg = Debug|Any CPU
		{DB768EF9-F56E-4BC8-AA97-99E65B07C159}.Debug|Any CPU.Build.0 = Debug|Any CPU
		{DB768EF9-F56E-4BC8-AA97-99E65B07C159}.Release|Any CPU.ActiveCfg = Release|Any CPU
		{DB768EF9-F56E-4BC8-AA97-99E65B07C159}.Release|Any CPU.Build.0 = Release|Any CPU
		{100B1217-1D89-41B4-8C3A-A2FD8E5B947D}.Debug|Any CPU.ActiveCfg = Debug|Any CPU
		{100B1217-1D89-41B4-8C3A-A2FD8E5B947D}.Debug|Any CPU.Build.0 = Debug|Any CPU
		{100B1217-1D89-41B4-8C3A-A2FD8E5B947D}.Debug|Any CPU.Deploy.0 = Debug|Any CPU
		{100B1217-1D89-41B4-8C3A-A2FD8E5B947D}.Release|Any CPU.ActiveCfg = Release|Any CPU
		{100B1217-1D89-41B4-8C3A-A2FD8E5B947D}.Release|Any CPU.Build.0 = Release|Any CPU
		{100B1217-1D89-41B4-8C3A-A2FD8E5B947D}.Release|Any CPU.Deploy.0 = Release|Any CPU
	EndGlobalSection
	GlobalSection(SolutionProperties) = preSolution
		HideSolutionNode = FALSE
	EndGlobalSection
	GlobalSection(ExtensibilityGlobals) = postSolution
		SolutionGuid = {7C2B693F-2DF2-4E55-9F8A-800B99E1F508}
	EndGlobalSection
EndGlobal
